// !$*UTF8*$!
{
	archiveVersion = 1;
	classes = {
	};
	objectVersion = 50;
	objects = {

/* Begin PBXBuildFile section */
		42DDEB6323DE752800BF2892 /* AppDelegate.swift in Sources */ = {isa = PBXBuildFile; fileRef = 42DDEB6223DE752800BF2892 /* AppDelegate.swift */; };
		42DDEB6523DE752800BF2892 /* SceneDelegate.swift in Sources */ = {isa = PBXBuildFile; fileRef = 42DDEB6423DE752800BF2892 /* SceneDelegate.swift */; };
		42DDEB6723DE752800BF2892 /* ViewController.swift in Sources */ = {isa = PBXBuildFile; fileRef = 42DDEB6623DE752800BF2892 /* ViewController.swift */; };
		42DDEB6A23DE752800BF2892 /* Main.storyboard in Resources */ = {isa = PBXBuildFile; fileRef = 42DDEB6823DE752800BF2892 /* Main.storyboard */; };
		42DDEB6C23DE752900BF2892 /* Assets.xcassets in Resources */ = {isa = PBXBuildFile; fileRef = 42DDEB6B23DE752900BF2892 /* Assets.xcassets */; };
		42DDEB6F23DE752900BF2892 /* LaunchScreen.storyboard in Resources */ = {isa = PBXBuildFile; fileRef = 42DDEB6D23DE752900BF2892 /* LaunchScreen.storyboard */; };
		42DDEB7A23DE752900BF2892 /* FirstTests.swift in Sources */ = {isa = PBXBuildFile; fileRef = 42DDEB7923DE752900BF2892 /* FirstTests.swift */; };
		42DDEB8523DE755600BF2892 /* Hater.swift in Sources */ = {isa = PBXBuildFile; fileRef = 42DDEB8423DE755600BF2892 /* Hater.swift */; };
		42DDEB8723DE767300BF2892 /* Converter.swift in Sources */ = {isa = PBXBuildFile; fileRef = 42DDEB8623DE767300BF2892 /* Converter.swift */; };
		42DDEB8923DE76D400BF2892 /* ConverterTests.swift in Sources */ = {isa = PBXBuildFile; fileRef = 42DDEB8823DE76D400BF2892 /* ConverterTests.swift */; };
		42DDEB8B23DE7CF100BF2892 /* LifecycleTests.swift in Sources */ = {isa = PBXBuildFile; fileRef = 42DDEB8A23DE7CF100BF2892 /* LifecycleTests.swift */; };
		42DDEB8D23DE80CF00BF2892 /* Remainder.swift in Sources */ = {isa = PBXBuildFile; fileRef = 42DDEB8C23DE80CF00BF2892 /* Remainder.swift */; };
		42DDEB8F23DE812D00BF2892 /* RemainderTests.swift in Sources */ = {isa = PBXBuildFile; fileRef = 42DDEB8E23DE812D00BF2892 /* RemainderTests.swift */; };
		42DDEB9123DE86EA00BF2892 /* ThrowingTests.swift in Sources */ = {isa = PBXBuildFile; fileRef = 42DDEB9023DE86EA00BF2892 /* ThrowingTests.swift */; };
		82D5995823E4F97B001E21AA /* AsynchronousTest.swift in Sources */ = {isa = PBXBuildFile; fileRef = 82D5995723E4F97B001E21AA /* AsynchronousTest.swift */; };
/* End PBXBuildFile section */

/* Begin PBXContainerItemProxy section */
		42DDEB7623DE752900BF2892 /* PBXContainerItemProxy */ = {
			isa = PBXContainerItemProxy;
			containerPortal = 42DDEB5723DE752700BF2892 /* Project object */;
			proxyType = 1;
			remoteGlobalIDString = 42DDEB5E23DE752800BF2892;
			remoteInfo = First;
		};
		82D5995A23E4F97B001E21AA /* PBXContainerItemProxy */ = {
			isa = PBXContainerItemProxy;
			containerPortal = 42DDEB5723DE752700BF2892 /* Project object */;
			proxyType = 1;
			remoteGlobalIDString = 42DDEB5E23DE752800BF2892;
			remoteInfo = First;
		};
/* End PBXContainerItemProxy section */

/* Begin PBXFileReference section */
		42DDEB5F23DE752800BF2892 /* First.app */ = {isa = PBXFileReference; explicitFileType = wrapper.application; includeInIndex = 0; path = First.app; sourceTree = BUILT_PRODUCTS_DIR; };
		42DDEB6223DE752800BF2892 /* AppDelegate.swift */ = {isa = PBXFileReference; lastKnownFileType = sourcecode.swift; path = AppDelegate.swift; sourceTree = "<group>"; };
		42DDEB6423DE752800BF2892 /* SceneDelegate.swift */ = {isa = PBXFileReference; lastKnownFileType = sourcecode.swift; path = SceneDelegate.swift; sourceTree = "<group>"; };
		42DDEB6623DE752800BF2892 /* ViewController.swift */ = {isa = PBXFileReference; lastKnownFileType = sourcecode.swift; path = ViewController.swift; sourceTree = "<group>"; };
		42DDEB6923DE752800BF2892 /* Base */ = {isa = PBXFileReference; lastKnownFileType = file.storyboard; name = Base; path = Base.lproj/Main.storyboard; sourceTree = "<group>"; };
		42DDEB6B23DE752900BF2892 /* Assets.xcassets */ = {isa = PBXFileReference; lastKnownFileType = folder.assetcatalog; path = Assets.xcassets; sourceTree = "<group>"; };
		42DDEB6E23DE752900BF2892 /* Base */ = {isa = PBXFileReference; lastKnownFileType = file.storyboard; name = Base; path = Base.lproj/LaunchScreen.storyboard; sourceTree = "<group>"; };
		42DDEB7023DE752900BF2892 /* Info.plist */ = {isa = PBXFileReference; lastKnownFileType = text.plist.xml; path = Info.plist; sourceTree = "<group>"; };
		42DDEB7523DE752900BF2892 /* FirstTests.xctest */ = {isa = PBXFileReference; explicitFileType = wrapper.cfbundle; includeInIndex = 0; path = FirstTests.xctest; sourceTree = BUILT_PRODUCTS_DIR; };
		42DDEB7923DE752900BF2892 /* FirstTests.swift */ = {isa = PBXFileReference; lastKnownFileType = sourcecode.swift; path = FirstTests.swift; sourceTree = "<group>"; };
		42DDEB7B23DE752900BF2892 /* Info.plist */ = {isa = PBXFileReference; lastKnownFileType = text.plist.xml; path = Info.plist; sourceTree = "<group>"; };
		42DDEB8423DE755600BF2892 /* Hater.swift */ = {isa = PBXFileReference; lastKnownFileType = sourcecode.swift; path = Hater.swift; sourceTree = "<group>"; };
		42DDEB8623DE767300BF2892 /* Converter.swift */ = {isa = PBXFileReference; lastKnownFileType = sourcecode.swift; path = Converter.swift; sourceTree = "<group>"; };
		42DDEB8823DE76D400BF2892 /* ConverterTests.swift */ = {isa = PBXFileReference; lastKnownFileType = sourcecode.swift; path = ConverterTests.swift; sourceTree = "<group>"; };
		42DDEB8A23DE7CF100BF2892 /* LifecycleTests.swift */ = {isa = PBXFileReference; lastKnownFileType = sourcecode.swift; path = LifecycleTests.swift; sourceTree = "<group>"; };
		42DDEB8C23DE80CF00BF2892 /* Remainder.swift */ = {isa = PBXFileReference; lastKnownFileType = sourcecode.swift; path = Remainder.swift; sourceTree = "<group>"; };
		42DDEB8E23DE812D00BF2892 /* RemainderTests.swift */ = {isa = PBXFileReference; lastKnownFileType = sourcecode.swift; path = RemainderTests.swift; sourceTree = "<group>"; };
		42DDEB9023DE86EA00BF2892 /* ThrowingTests.swift */ = {isa = PBXFileReference; lastKnownFileType = sourcecode.swift; path = ThrowingTests.swift; sourceTree = "<group>"; };
		82D5995523E4F97B001E21AA /* AsynchronousTest.xctest */ = {isa = PBXFileReference; explicitFileType = wrapper.cfbundle; includeInIndex = 0; path = AsynchronousTest.xctest; sourceTree = BUILT_PRODUCTS_DIR; };
		82D5995723E4F97B001E21AA /* AsynchronousTest.swift */ = {isa = PBXFileReference; lastKnownFileType = sourcecode.swift; path = AsynchronousTest.swift; sourceTree = "<group>"; };
		82D5995923E4F97B001E21AA /* Info.plist */ = {isa = PBXFileReference; lastKnownFileType = text.plist.xml; path = Info.plist; sourceTree = "<group>"; };
/* End PBXFileReference section */

/* Begin PBXFrameworksBuildPhase section */
		42DDEB5C23DE752800BF2892 /* Frameworks */ = {
			isa = PBXFrameworksBuildPhase;
			buildActionMask = 2147483647;
			files = (
			);
			runOnlyForDeploymentPostprocessing = 0;
		};
		42DDEB7223DE752900BF2892 /* Frameworks */ = {
			isa = PBXFrameworksBuildPhase;
			buildActionMask = 2147483647;
			files = (
			);
			runOnlyForDeploymentPostprocessing = 0;
		};
		82D5995223E4F97B001E21AA /* Frameworks */ = {
			isa = PBXFrameworksBuildPhase;
			buildActionMask = 2147483647;
			files = (
			);
			runOnlyForDeploymentPostprocessing = 0;
		};
/* End PBXFrameworksBuildPhase section */

/* Begin PBXGroup section */
		42DDEB5623DE752700BF2892 = {
			isa = PBXGroup;
			children = (
				42DDEB6123DE752800BF2892 /* First */,
				42DDEB7823DE752900BF2892 /* FirstTests */,
				82D5995623E4F97B001E21AA /* AsynchronousTest */,
				42DDEB6023DE752800BF2892 /* Products */,
			);
			sourceTree = "<group>";
		};
		42DDEB6023DE752800BF2892 /* Products */ = {
			isa = PBXGroup;
			children = (
				42DDEB5F23DE752800BF2892 /* First.app */,
				42DDEB7523DE752900BF2892 /* FirstTests.xctest */,
				82D5995523E4F97B001E21AA /* AsynchronousTest.xctest */,
			);
			name = Products;
			sourceTree = "<group>";
		};
		42DDEB6123DE752800BF2892 /* First */ = {
			isa = PBXGroup;
			children = (
				42DDEB6223DE752800BF2892 /* AppDelegate.swift */,
				42DDEB6423DE752800BF2892 /* SceneDelegate.swift */,
				42DDEB6623DE752800BF2892 /* ViewController.swift */,
				42DDEB6823DE752800BF2892 /* Main.storyboard */,
				42DDEB6B23DE752900BF2892 /* Assets.xcassets */,
				42DDEB6D23DE752900BF2892 /* LaunchScreen.storyboard */,
				42DDEB7023DE752900BF2892 /* Info.plist */,
				42DDEB8423DE755600BF2892 /* Hater.swift */,
				42DDEB8623DE767300BF2892 /* Converter.swift */,
				42DDEB8C23DE80CF00BF2892 /* Remainder.swift */,
			);
			path = First;
			sourceTree = "<group>";
		};
		42DDEB7823DE752900BF2892 /* FirstTests */ = {
			isa = PBXGroup;
			children = (
				42DDEB7923DE752900BF2892 /* FirstTests.swift */,
				42DDEB7B23DE752900BF2892 /* Info.plist */,
				42DDEB8823DE76D400BF2892 /* ConverterTests.swift */,
				42DDEB8A23DE7CF100BF2892 /* LifecycleTests.swift */,
				42DDEB8E23DE812D00BF2892 /* RemainderTests.swift */,
				42DDEB9023DE86EA00BF2892 /* ThrowingTests.swift */,
			);
			path = FirstTests;
			sourceTree = "<group>";
		};
		82D5995623E4F97B001E21AA /* AsynchronousTest */ = {
			isa = PBXGroup;
			children = (
				82D5995723E4F97B001E21AA /* AsynchronousTest.swift */,
				82D5995923E4F97B001E21AA /* Info.plist */,
			);
			path = AsynchronousTest;
			sourceTree = "<group>";
		};
/* End PBXGroup section */

/* Begin PBXNativeTarget section */
		42DDEB5E23DE752800BF2892 /* First */ = {
			isa = PBXNativeTarget;
			buildConfigurationList = 42DDEB7E23DE752A00BF2892 /* Build configuration list for PBXNativeTarget "First" */;
			buildPhases = (
				42DDEB5B23DE752800BF2892 /* Sources */,
				42DDEB5C23DE752800BF2892 /* Frameworks */,
				42DDEB5D23DE752800BF2892 /* Resources */,
			);
			buildRules = (
			);
			dependencies = (
			);
			name = First;
			productName = First;
			productReference = 42DDEB5F23DE752800BF2892 /* First.app */;
			productType = "com.apple.product-type.application";
		};
		42DDEB7423DE752900BF2892 /* FirstTests */ = {
			isa = PBXNativeTarget;
			buildConfigurationList = 42DDEB8123DE752A00BF2892 /* Build configuration list for PBXNativeTarget "FirstTests" */;
			buildPhases = (
				42DDEB7123DE752900BF2892 /* Sources */,
				42DDEB7223DE752900BF2892 /* Frameworks */,
				42DDEB7323DE752900BF2892 /* Resources */,
			);
			buildRules = (
			);
			dependencies = (
				42DDEB7723DE752900BF2892 /* PBXTargetDependency */,
			);
			name = FirstTests;
			productName = FirstTests;
			productReference = 42DDEB7523DE752900BF2892 /* FirstTests.xctest */;
			productType = "com.apple.product-type.bundle.unit-test";
		};
		82D5995423E4F97B001E21AA /* AsynchronousTest */ = {
			isa = PBXNativeTarget;
			buildConfigurationList = 82D5995E23E4F97B001E21AA /* Build configuration list for PBXNativeTarget "AsynchronousTest" */;
			buildPhases = (
				82D5995123E4F97B001E21AA /* Sources */,
				82D5995223E4F97B001E21AA /* Frameworks */,
				82D5995323E4F97B001E21AA /* Resources */,
			);
			buildRules = (
			);
			dependencies = (
				82D5995B23E4F97B001E21AA /* PBXTargetDependency */,
			);
			name = AsynchronousTest;
			productName = AsynchronousTest;
			productReference = 82D5995523E4F97B001E21AA /* AsynchronousTest.xctest */;
			productType = "com.apple.product-type.bundle.unit-test";
		};
/* End PBXNativeTarget section */

/* Begin PBXProject section */
		42DDEB5723DE752700BF2892 /* Project object */ = {
			isa = PBXProject;
			attributes = {
				LastSwiftUpdateCheck = 1120;
				LastUpgradeCheck = 1130;
				ORGANIZATIONNAME = DjangoEarnhardt;
				TargetAttributes = {
					42DDEB5E23DE752800BF2892 = {
						CreatedOnToolsVersion = 11.3.1;
					};
					42DDEB7423DE752900BF2892 = {
						CreatedOnToolsVersion = 11.3.1;
						TestTargetID = 42DDEB5E23DE752800BF2892;
					};
					82D5995423E4F97B001E21AA = {
						CreatedOnToolsVersion = 11.2;
						TestTargetID = 42DDEB5E23DE752800BF2892;
					};
				};
			};
			buildConfigurationList = 42DDEB5A23DE752700BF2892 /* Build configuration list for PBXProject "First" */;
			compatibilityVersion = "Xcode 9.3";
			developmentRegion = en;
			hasScannedForEncodings = 0;
			knownRegions = (
				en,
				Base,
			);
			mainGroup = 42DDEB5623DE752700BF2892;
			productRefGroup = 42DDEB6023DE752800BF2892 /* Products */;
			projectDirPath = "";
			projectRoot = "";
			targets = (
				42DDEB5E23DE752800BF2892 /* First */,
				42DDEB7423DE752900BF2892 /* FirstTests */,
				82D5995423E4F97B001E21AA /* AsynchronousTest */,
			);
		};
/* End PBXProject section */

/* Begin PBXResourcesBuildPhase section */
		42DDEB5D23DE752800BF2892 /* Resources */ = {
			isa = PBXResourcesBuildPhase;
			buildActionMask = 2147483647;
			files = (
				42DDEB6F23DE752900BF2892 /* LaunchScreen.storyboard in Resources */,
				42DDEB6C23DE752900BF2892 /* Assets.xcassets in Resources */,
				42DDEB6A23DE752800BF2892 /* Main.storyboard in Resources */,
			);
			runOnlyForDeploymentPostprocessing = 0;
		};
		42DDEB7323DE752900BF2892 /* Resources */ = {
			isa = PBXResourcesBuildPhase;
			buildActionMask = 2147483647;
			files = (
			);
			runOnlyForDeploymentPostprocessing = 0;
		};
		82D5995323E4F97B001E21AA /* Resources */ = {
			isa = PBXResourcesBuildPhase;
			buildActionMask = 2147483647;
			files = (
			);
			runOnlyForDeploymentPostprocessing = 0;
		};
/* End PBXResourcesBuildPhase section */

/* Begin PBXSourcesBuildPhase section */
		42DDEB5B23DE752800BF2892 /* Sources */ = {
			isa = PBXSourcesBuildPhase;
			buildActionMask = 2147483647;
			files = (
				42DDEB6723DE752800BF2892 /* ViewController.swift in Sources */,
				42DDEB8D23DE80CF00BF2892 /* Remainder.swift in Sources */,
				42DDEB6323DE752800BF2892 /* AppDelegate.swift in Sources */,
				42DDEB8523DE755600BF2892 /* Hater.swift in Sources */,
				42DDEB6523DE752800BF2892 /* SceneDelegate.swift in Sources */,
				42DDEB8723DE767300BF2892 /* Converter.swift in Sources */,
			);
			runOnlyForDeploymentPostprocessing = 0;
		};
		42DDEB7123DE752900BF2892 /* Sources */ = {
			isa = PBXSourcesBuildPhase;
			buildActionMask = 2147483647;
			files = (
				42DDEB8923DE76D400BF2892 /* ConverterTests.swift in Sources */,
				42DDEB9123DE86EA00BF2892 /* ThrowingTests.swift in Sources */,
				42DDEB8F23DE812D00BF2892 /* RemainderTests.swift in Sources */,
				42DDEB8B23DE7CF100BF2892 /* LifecycleTests.swift in Sources */,
				42DDEB7A23DE752900BF2892 /* FirstTests.swift in Sources */,
			);
			runOnlyForDeploymentPostprocessing = 0;
		};
		82D5995123E4F97B001E21AA /* Sources */ = {
			isa = PBXSourcesBuildPhase;
			buildActionMask = 2147483647;
			files = (
				82D5995823E4F97B001E21AA /* AsynchronousTest.swift in Sources */,
			);
			runOnlyForDeploymentPostprocessing = 0;
		};
/* End PBXSourcesBuildPhase section */

/* Begin PBXTargetDependency section */
		42DDEB7723DE752900BF2892 /* PBXTargetDependency */ = {
			isa = PBXTargetDependency;
			target = 42DDEB5E23DE752800BF2892 /* First */;
			targetProxy = 42DDEB7623DE752900BF2892 /* PBXContainerItemProxy */;
		};
		82D5995B23E4F97B001E21AA /* PBXTargetDependency */ = {
			isa = PBXTargetDependency;
			target = 42DDEB5E23DE752800BF2892 /* First */;
			targetProxy = 82D5995A23E4F97B001E21AA /* PBXContainerItemProxy */;
		};
/* End PBXTargetDependency section */

/* Begin PBXVariantGroup section */
		42DDEB6823DE752800BF2892 /* Main.storyboard */ = {
			isa = PBXVariantGroup;
			children = (
				42DDEB6923DE752800BF2892 /* Base */,
			);
			name = Main.storyboard;
			sourceTree = "<group>";
		};
		42DDEB6D23DE752900BF2892 /* LaunchScreen.storyboard */ = {
			isa = PBXVariantGroup;
			children = (
				42DDEB6E23DE752900BF2892 /* Base */,
			);
			name = LaunchScreen.storyboard;
			sourceTree = "<group>";
		};
/* End PBXVariantGroup section */

/* Begin XCBuildConfiguration section */
		42DDEB7C23DE752A00BF2892 /* Debug */ = {
			isa = XCBuildConfiguration;
			buildSettings = {
				ALWAYS_SEARCH_USER_PATHS = NO;
				CLANG_ANALYZER_NONNULL = YES;
				CLANG_ANALYZER_NUMBER_OBJECT_CONVERSION = YES_AGGRESSIVE;
				CLANG_CXX_LANGUAGE_STANDARD = "gnu++14";
				CLANG_CXX_LIBRARY = "libc++";
				CLANG_ENABLE_MODULES = YES;
				CLANG_ENABLE_OBJC_ARC = YES;
				CLANG_ENABLE_OBJC_WEAK = YES;
				CLANG_WARN_BLOCK_CAPTURE_AUTORELEASING = YES;
				CLANG_WARN_BOOL_CONVERSION = YES;
				CLANG_WARN_COMMA = YES;
				CLANG_WARN_CONSTANT_CONVERSION = YES;
				CLANG_WARN_DEPRECATED_OBJC_IMPLEMENTATIONS = YES;
				CLANG_WARN_DIRECT_OBJC_ISA_USAGE = YES_ERROR;
				CLANG_WARN_DOCUMENTATION_COMMENTS = YES;
				CLANG_WARN_EMPTY_BODY = YES;
				CLANG_WARN_ENUM_CONVERSION = YES;
				CLANG_WARN_INFINITE_RECURSION = YES;
				CLANG_WARN_INT_CONVERSION = YES;
				CLANG_WARN_NON_LITERAL_NULL_CONVERSION = YES;
				CLANG_WARN_OBJC_IMPLICIT_RETAIN_SELF = YES;
				CLANG_WARN_OBJC_LITERAL_CONVERSION = YES;
				CLANG_WARN_OBJC_ROOT_CLASS = YES_ERROR;
				CLANG_WARN_RANGE_LOOP_ANALYSIS = YES;
				CLANG_WARN_STRICT_PROTOTYPES = YES;
				CLANG_WARN_SUSPICIOUS_MOVE = YES;
				CLANG_WARN_UNGUARDED_AVAILABILITY = YES_AGGRESSIVE;
				CLANG_WARN_UNREACHABLE_CODE = YES;
				CLANG_WARN__DUPLICATE_METHOD_MATCH = YES;
				COPY_PHASE_STRIP = NO;
				DEBUG_INFORMATION_FORMAT = dwarf;
				ENABLE_STRICT_OBJC_MSGSEND = YES;
				ENABLE_TESTABILITY = YES;
				GCC_C_LANGUAGE_STANDARD = gnu11;
				GCC_DYNAMIC_NO_PIC = NO;
				GCC_NO_COMMON_BLOCKS = YES;
				GCC_OPTIMIZATION_LEVEL = 0;
				GCC_PREPROCESSOR_DEFINITIONS = (
					"DEBUG=1",
					"$(inherited)",
				);
				GCC_WARN_64_TO_32_BIT_CONVERSION = YES;
				GCC_WARN_ABOUT_RETURN_TYPE = YES_ERROR;
				GCC_WARN_UNDECLARED_SELECTOR = YES;
				GCC_WARN_UNINITIALIZED_AUTOS = YES_AGGRESSIVE;
				GCC_WARN_UNUSED_FUNCTION = YES;
				GCC_WARN_UNUSED_VARIABLE = YES;
				IPHONEOS_DEPLOYMENT_TARGET = 13.2;
				MTL_ENABLE_DEBUG_INFO = INCLUDE_SOURCE;
				MTL_FAST_MATH = YES;
				ONLY_ACTIVE_ARCH = YES;
				SDKROOT = iphoneos;
				SWIFT_ACTIVE_COMPILATION_CONDITIONS = DEBUG;
				SWIFT_OPTIMIZATION_LEVEL = "-Onone";
			};
			name = Debug;
		};
		42DDEB7D23DE752A00BF2892 /* Release */ = {
			isa = XCBuildConfiguration;
			buildSettings = {
				ALWAYS_SEARCH_USER_PATHS = NO;
				CLANG_ANALYZER_NONNULL = YES;
				CLANG_ANALYZER_NUMBER_OBJECT_CONVERSION = YES_AGGRESSIVE;
				CLANG_CXX_LANGUAGE_STANDARD = "gnu++14";
				CLANG_CXX_LIBRARY = "libc++";
				CLANG_ENABLE_MODULES = YES;
				CLANG_ENABLE_OBJC_ARC = YES;
				CLANG_ENABLE_OBJC_WEAK = YES;
				CLANG_WARN_BLOCK_CAPTURE_AUTORELEASING = YES;
				CLANG_WARN_BOOL_CONVERSION = YES;
				CLANG_WARN_COMMA = YES;
				CLANG_WARN_CONSTANT_CONVERSION = YES;
				CLANG_WARN_DEPRECATED_OBJC_IMPLEMENTATIONS = YES;
				CLANG_WARN_DIRECT_OBJC_ISA_USAGE = YES_ERROR;
				CLANG_WARN_DOCUMENTATION_COMMENTS = YES;
				CLANG_WARN_EMPTY_BODY = YES;
				CLANG_WARN_ENUM_CONVERSION = YES;
				CLANG_WARN_INFINITE_RECURSION = YES;
				CLANG_WARN_INT_CONVERSION = YES;
				CLANG_WARN_NON_LITERAL_NULL_CONVERSION = YES;
				CLANG_WARN_OBJC_IMPLICIT_RETAIN_SELF = YES;
				CLANG_WARN_OBJC_LITERAL_CONVERSION = YES;
				CLANG_WARN_OBJC_ROOT_CLASS = YES_ERROR;
				CLANG_WARN_RANGE_LOOP_ANALYSIS = YES;
				CLANG_WARN_STRICT_PROTOTYPES = YES;
				CLANG_WARN_SUSPICIOUS_MOVE = YES;
				CLANG_WARN_UNGUARDED_AVAILABILITY = YES_AGGRESSIVE;
				CLANG_WARN_UNREACHABLE_CODE = YES;
				CLANG_WARN__DUPLICATE_METHOD_MATCH = YES;
				COPY_PHASE_STRIP = NO;
				DEBUG_INFORMATION_FORMAT = "dwarf-with-dsym";
				ENABLE_NS_ASSERTIONS = NO;
				ENABLE_STRICT_OBJC_MSGSEND = YES;
				GCC_C_LANGUAGE_STANDARD = gnu11;
				GCC_NO_COMMON_BLOCKS = YES;
				GCC_WARN_64_TO_32_BIT_CONVERSION = YES;
				GCC_WARN_ABOUT_RETURN_TYPE = YES_ERROR;
				GCC_WARN_UNDECLARED_SELECTOR = YES;
				GCC_WARN_UNINITIALIZED_AUTOS = YES_AGGRESSIVE;
				GCC_WARN_UNUSED_FUNCTION = YES;
				GCC_WARN_UNUSED_VARIABLE = YES;
				IPHONEOS_DEPLOYMENT_TARGET = 13.2;
				MTL_ENABLE_DEBUG_INFO = NO;
				MTL_FAST_MATH = YES;
				SDKROOT = iphoneos;
				SWIFT_COMPILATION_MODE = wholemodule;
				SWIFT_OPTIMIZATION_LEVEL = "-O";
				VALIDATE_PRODUCT = YES;
			};
			name = Release;
		};
		42DDEB7F23DE752A00BF2892 /* Debug */ = {
			isa = XCBuildConfiguration;
			buildSettings = {
				ASSETCATALOG_COMPILER_APPICON_NAME = AppIcon;
				CODE_SIGN_STYLE = Automatic;
				DEVELOPMENT_TEAM = UR48EZC8Y4;
				INFOPLIST_FILE = First/Info.plist;
				LD_RUNPATH_SEARCH_PATHS = (
					"$(inherited)",
					"@executable_path/Frameworks",
				);
				PRODUCT_BUNDLE_IDENTIFIER = com.djangoearnhardt.First;
				PRODUCT_NAME = "$(TARGET_NAME)";
				SWIFT_VERSION = 5.0;
				TARGETED_DEVICE_FAMILY = "1,2";
			};
			name = Debug;
		};
		42DDEB8023DE752A00BF2892 /* Release */ = {
			isa = XCBuildConfiguration;
			buildSettings = {
				ASSETCATALOG_COMPILER_APPICON_NAME = AppIcon;
				CODE_SIGN_STYLE = Automatic;
				DEVELOPMENT_TEAM = UR48EZC8Y4;
				INFOPLIST_FILE = First/Info.plist;
				LD_RUNPATH_SEARCH_PATHS = (
					"$(inherited)",
					"@executable_path/Frameworks",
				);
				PRODUCT_BUNDLE_IDENTIFIER = com.djangoearnhardt.First;
				PRODUCT_NAME = "$(TARGET_NAME)";
				SWIFT_VERSION = 5.0;
				TARGETED_DEVICE_FAMILY = "1,2";
			};
			name = Release;
		};
		42DDEB8223DE752A00BF2892 /* Debug */ = {
			isa = XCBuildConfiguration;
			buildSettings = {
				ALWAYS_EMBED_SWIFT_STANDARD_LIBRARIES = YES;
				BUNDLE_LOADER = "$(TEST_HOST)";
				CODE_SIGN_STYLE = Automatic;
				DEVELOPMENT_TEAM = UR48EZC8Y4;
				INFOPLIST_FILE = FirstTests/Info.plist;
				IPHONEOS_DEPLOYMENT_TARGET = 13.2;
				LD_RUNPATH_SEARCH_PATHS = (
					"$(inherited)",
					"@executable_path/Frameworks",
					"@loader_path/Frameworks",
				);
				PRODUCT_BUNDLE_IDENTIFIER = com.djangoearnhardt.FirstTests;
				PRODUCT_NAME = "$(TARGET_NAME)";
				SWIFT_VERSION = 5.0;
				TARGETED_DEVICE_FAMILY = "1,2";
				TEST_HOST = "$(BUILT_PRODUCTS_DIR)/First.app/First";
			};
			name = Debug;
		};
		42DDEB8323DE752A00BF2892 /* Release */ = {
			isa = XCBuildConfiguration;
			buildSettings = {
				ALWAYS_EMBED_SWIFT_STANDARD_LIBRARIES = YES;
				BUNDLE_LOADER = "$(TEST_HOST)";
				CODE_SIGN_STYLE = Automatic;
				DEVELOPMENT_TEAM = UR48EZC8Y4;
				INFOPLIST_FILE = FirstTests/Info.plist;
				IPHONEOS_DEPLOYMENT_TARGET = 13.2;
				LD_RUNPATH_SEARCH_PATHS = (
					"$(inherited)",
					"@executable_path/Frameworks",
					"@loader_path/Frameworks",
				);
				PRODUCT_BUNDLE_IDENTIFIER = com.djangoearnhardt.FirstTests;
				PRODUCT_NAME = "$(TARGET_NAME)";
				SWIFT_VERSION = 5.0;
				TARGETED_DEVICE_FAMILY = "1,2";
				TEST_HOST = "$(BUILT_PRODUCTS_DIR)/First.app/First";
			};
			name = Release;
		};
		82D5995C23E4F97B001E21AA /* Debug */ = {
			isa = XCBuildConfiguration;
			buildSettings = {
				BUNDLE_LOADER = "$(TEST_HOST)";
				CODE_SIGN_STYLE = Automatic;
				DEVELOPMENT_TEAM = G35ZUR38GQ;
				INFOPLIST_FILE = AsynchronousTest/Info.plist;
				LD_RUNPATH_SEARCH_PATHS = (
					"$(inherited)",
					"@executable_path/Frameworks",
					"@loader_path/Frameworks",
				);
				PRODUCT_BUNDLE_IDENTIFIER = anon.net.AsynchronousTest;
				PRODUCT_NAME = "$(TARGET_NAME)";
				SWIFT_VERSION = 5.0;
				TARGETED_DEVICE_FAMILY = "1,2";
				TEST_HOST = "$(BUILT_PRODUCTS_DIR)/First.app/First";
			};
			name = Debug;
		};
		82D5995D23E4F97B001E21AA /* Release */ = {
			isa = XCBuildConfiguration;
			buildSettings = {
				BUNDLE_LOADER = "$(TEST_HOST)";
				CODE_SIGN_STYLE = Automatic;
				DEVELOPMENT_TEAM = G35ZUR38GQ;
				INFOPLIST_FILE = AsynchronousTest/Info.plist;
				LD_RUNPATH_SEARCH_PATHS = (
					"$(inherited)",
					"@executable_path/Frameworks",
					"@loader_path/Frameworks",
				);
				PRODUCT_BUNDLE_IDENTIFIER = anon.net.AsynchronousTest;
				PRODUCT_NAME = "$(TARGET_NAME)";
				SWIFT_VERSION = 5.0;
				TARGETED_DEVICE_FAMILY = "1,2";
				TEST_HOST = "$(BUILT_PRODUCTS_DIR)/First.app/First";
			};
			name = Release;
		};
/* End XCBuildConfiguration section */

/* Begin XCConfigurationList section */
		42DDEB5A23DE752700BF2892 /* Build configuration list for PBXProject "First" */ = {
			isa = XCConfigurationList;
			buildConfigurations = (
				42DDEB7C23DE752A00BF2892 /* Debug */,
				42DDEB7D23DE752A00BF2892 /* Release */,
			);
			defaultConfigurationIsVisible = 0;
			defaultConfigurationName = Release;
		};
		42DDEB7E23DE752A00BF2892 /* Build configuration list for PBXNativeTarget "First" */ = {
			isa = XCConfigurationList;
			buildConfigurations = (
				42DDEB7F23DE752A00BF2892 /* Debug */,
				42DDEB8023DE752A00BF2892 /* Release */,
			);
			defaultConfigurationIsVisible = 0;
			defaultConfigurationName = Release;
		};
		42DDEB8123DE752A00BF2892 /* Build configuration list for PBXNativeTarget "FirstTests" */ = {
			isa = XCConfigurationList;
			buildConfigurations = (
				42DDEB8223DE752A00BF2892 /* Debug */,
				42DDEB8323DE752A00BF2892 /* Release */,
			);
			defaultConfigurationIsVisible = 0;
			defaultConfigurationName = Release;
		};
		82D5995E23E4F97B001E21AA /* Build configuration list for PBXNativeTarget "AsynchronousTest" */ = {
			isa = XCConfigurationList;
			buildConfigurations = (
				82D5995C23E4F97B001E21AA /* Debug */,
				82D5995D23E4F97B001E21AA /* Release */,
			);
			defaultConfigurationIsVisible = 0;
			defaultConfigurationName = Release;
		};
/* End XCConfigurationList section */
	};
	rootObject = 42DDEB5723DE752700BF2892 /* Project object */;
}
